PODS:
  - SnapKit (5.0.1)
  - SwiftLint (0.54.0)

DEPENDENCIES:
  - SnapKit (~> 5.0.0)
  - SwiftLint

SPEC REPOS:
  trunk:
    - SnapKit
    - SwiftLint

SPEC CHECKSUMS:
  SnapKit: 97b92857e3df3a0c71833cce143274bf6ef8e5eb
  SwiftLint: c1de071d9d08c8aba837545f6254315bc900e211

PODFILE CHECKSUM: 29809fcecfce7466fa5d022eeadcbe3c44e1d1af

COCOAPODS: 1.13.0
