// !$*UTF8*$!
{
	archiveVersion = 1;
	classes = {
	};
	objectVersion = 56;
	objects = {

/* Begin PBXBuildFile section */
		9D55E2E72AD1C3430068FE82 /* AppDelegate.swift in Sources */ = {isa = PBXBuildFile; fileRef = 9D55E2E62AD1C3430068FE82 /* AppDelegate.swift */; };
		9D55E2E92AD1C3430068FE82 /* SceneDelegate.swift in Sources */ = {isa = PBXBuildFile; fileRef = 9D55E2E82AD1C3430068FE82 /* SceneDelegate.swift */; };
		9D55E2EB2AD1C3430068FE82 /* ViewController.swift in Sources */ = {isa = PBXBuildFile; fileRef = 9D55E2EA2AD1C3430068FE82 /* ViewController.swift */; };
		9D55E2F32AD1C3440068FE82 /* LaunchScreen.storyboard in Resources */ = {isa = PBXBuildFile; fileRef = 9D55E2F12AD1C3440068FE82 /* LaunchScreen.storyboard */; };
		9D55E2FB2AD2235D0068FE82 /* SelfConfiguringCell.swift in Sources */ = {isa = PBXBuildFile; fileRef = 9D55E2FA2AD2235D0068FE82 /* SelfConfiguringCell.swift */; };
		9D55E2FD2AD223D30068FE82 /* ContactCell.swift in Sources */ = {isa = PBXBuildFile; fileRef = 9D55E2FC2AD223D30068FE82 /* ContactCell.swift */; };
		9D55E2FF2AD226430068FE82 /* Contact.swift in Sources */ = {isa = PBXBuildFile; fileRef = 9D55E2FE2AD226430068FE82 /* Contact.swift */; };
		9D55E3232AD437A10068FE82 /* Assets.xcassets in Resources */ = {isa = PBXBuildFile; fileRef = 9D55E3222AD437A10068FE82 /* Assets.xcassets */; };
		9D55E3252AD456C40068FE82 /* ContactDetailsViewController.swift in Sources */ = {isa = PBXBuildFile; fileRef = 9D55E3242AD456C40068FE82 /* ContactDetailsViewController.swift */; };
		D6EC14C22614FF9F8B9B2E5D /* Pods_Homework4.framework in Frameworks */ = {isa = PBXBuildFile; fileRef = EF8587099FB1FB8A0E25C7E9 /* Pods_Homework4.framework */; };
/* End PBXBuildFile section */

/* Begin PBXFileReference section */
		28B849B738F0F39A16E99078 /* Pods-Homework4.debug.xcconfig */ = {isa = PBXFileReference; includeInIndex = 1; lastKnownFileType = text.xcconfig; name = "Pods-Homework4.debug.xcconfig"; path = "Target Support Files/Pods-Homework4/Pods-Homework4.debug.xcconfig"; sourceTree = "<group>"; };
		6D13FF0E36C523D77C1857B1 /* Pods-Homework4.release.xcconfig */ = {isa = PBXFileReference; includeInIndex = 1; lastKnownFileType = text.xcconfig; name = "Pods-Homework4.release.xcconfig"; path = "Target Support Files/Pods-Homework4/Pods-Homework4.release.xcconfig"; sourceTree = "<group>"; };
		9D55E2E32AD1C3430068FE82 /* Homework4.app */ = {isa = PBXFileReference; explicitFileType = wrapper.application; includeInIndex = 0; path = Homework4.app; sourceTree = BUILT_PRODUCTS_DIR; };
		9D55E2E62AD1C3430068FE82 /* AppDelegate.swift */ = {isa = PBXFileReference; lastKnownFileType = sourcecode.swift; path = AppDelegate.swift; sourceTree = "<group>"; };
		9D55E2E82AD1C3430068FE82 /* SceneDelegate.swift */ = {isa = PBXFileReference; lastKnownFileType = sourcecode.swift; path = SceneDelegate.swift; sourceTree = "<group>"; };
		9D55E2EA2AD1C3430068FE82 /* ViewController.swift */ = {isa = PBXFileReference; lastKnownFileType = sourcecode.swift; path = ViewController.swift; sourceTree = "<group>"; };
		9D55E2F22AD1C3440068FE82 /* Base */ = {isa = PBXFileReference; lastKnownFileType = file.storyboard; name = Base; path = Base.lproj/LaunchScreen.storyboard; sourceTree = "<group>"; };
		9D55E2F42AD1C3440068FE82 /* Info.plist */ = {isa = PBXFileReference; lastKnownFileType = text.plist.xml; path = Info.plist; sourceTree = "<group>"; };
		9D55E2FA2AD2235D0068FE82 /* SelfConfiguringCell.swift */ = {isa = PBXFileReference; lastKnownFileType = sourcecode.swift; path = SelfConfiguringCell.swift; sourceTree = "<group>"; };
		9D55E2FC2AD223D30068FE82 /* ContactCell.swift */ = {isa = PBXFileReference; lastKnownFileType = sourcecode.swift; path = ContactCell.swift; sourceTree = "<group>"; };
		9D55E2FE2AD226430068FE82 /* Contact.swift */ = {isa = PBXFileReference; lastKnownFileType = sourcecode.swift; path = Contact.swift; sourceTree = "<group>"; };
		9D55E3222AD437A10068FE82 /* Assets.xcassets */ = {isa = PBXFileReference; lastKnownFileType = folder.assetcatalog; path = Assets.xcassets; sourceTree = "<group>"; };
		9D55E3242AD456C40068FE82 /* ContactDetailsViewController.swift */ = {isa = PBXFileReference; lastKnownFileType = sourcecode.swift; path = ContactDetailsViewController.swift; sourceTree = "<group>"; };
		EF8587099FB1FB8A0E25C7E9 /* Pods_Homework4.framework */ = {isa = PBXFileReference; explicitFileType = wrapper.framework; includeInIndex = 0; path = Pods_Homework4.framework; sourceTree = BUILT_PRODUCTS_DIR; };
/* End PBXFileReference section */

/* Begin PBXFrameworksBuildPhase section */
		9D55E2E02AD1C3430068FE82 /* Frameworks */ = {
			isa = PBXFrameworksBuildPhase;
			buildActionMask = 2147483647;
			files = (
				D6EC14C22614FF9F8B9B2E5D /* Pods_Homework4.framework in Frameworks */,
			);
			runOnlyForDeploymentPostprocessing = 0;
		};
/* End PBXFrameworksBuildPhase section */

/* Begin PBXGroup section */
		9D55E2DA2AD1C3430068FE82 = {
			isa = PBXGroup;
			children = (
				9D55E2E52AD1C3430068FE82 /* Homework4 */,
				9D55E2E42AD1C3430068FE82 /* Products */,
				C3C33268363C415096FE3E34 /* Pods */,
				EBEE03253504A8DEDDF7FA32 /* Frameworks */,
			);
			sourceTree = "<group>";
		};
		9D55E2E42AD1C3430068FE82 /* Products */ = {
			isa = PBXGroup;
			children = (
				9D55E2E32AD1C3430068FE82 /* Homework4.app */,
			);
			name = Products;
			sourceTree = "<group>";
		};
		9D55E2E52AD1C3430068FE82 /* Homework4 */ = {
			isa = PBXGroup;
			children = (
				9D55E2E62AD1C3430068FE82 /* AppDelegate.swift */,
				9D55E2E82AD1C3430068FE82 /* SceneDelegate.swift */,
				9D55E2EA2AD1C3430068FE82 /* ViewController.swift */,
				9D55E2F12AD1C3440068FE82 /* LaunchScreen.storyboard */,
				9D55E2F42AD1C3440068FE82 /* Info.plist */,
				9D55E2FA2AD2235D0068FE82 /* SelfConfiguringCell.swift */,
				9D55E3222AD437A10068FE82 /* Assets.xcassets */,
				9D55E2FC2AD223D30068FE82 /* ContactCell.swift */,
				9D55E2FE2AD226430068FE82 /* Contact.swift */,
				9D55E3242AD456C40068FE82 /* ContactDetailsViewController.swift */,
			);
			path = Homework4;
			sourceTree = "<group>";
		};
		C3C33268363C415096FE3E34 /* Pods */ = {
			isa = PBXGroup;
			children = (
				28B849B738F0F39A16E99078 /* Pods-Homework4.debug.xcconfig */,
				6D13FF0E36C523D77C1857B1 /* Pods-Homework4.release.xcconfig */,
			);
			path = Pods;
			sourceTree = "<group>";
		};
		EBEE03253504A8DEDDF7FA32 /* Frameworks */ = {
			isa = PBXGroup;
			children = (
				EF8587099FB1FB8A0E25C7E9 /* Pods_Homework4.framework */,
			);
			name = Frameworks;
			sourceTree = "<group>";
		};
/* End PBXGroup section */

/* Begin PBXNativeTarget section */
		9D55E2E22AD1C3430068FE82 /* Homework4 */ = {
			isa = PBXNativeTarget;
			buildConfigurationList = 9D55E2F72AD1C3440068FE82 /* Build configuration list for PBXNativeTarget "Homework4" */;
			buildPhases = (
				94527712FD1839F86FED7920 /* [CP] Check Pods Manifest.lock */,
				9D55E2DF2AD1C3430068FE82 /* Sources */,
				9D55E2E02AD1C3430068FE82 /* Frameworks */,
				9D55E2E12AD1C3430068FE82 /* Resources */,
				BB11BB1B5511963F240AFA6C /* [CP] Embed Pods Frameworks */,
			);
			buildRules = (
			);
			dependencies = (
			);
			name = Homework4;
			productName = Homework4;
			productReference = 9D55E2E32AD1C3430068FE82 /* Homework4.app */;
			productType = "com.apple.product-type.application";
		};
/* End PBXNativeTarget section */

/* Begin PBXProject section */
		9D55E2DB2AD1C3430068FE82 /* Project object */ = {
			isa = PBXProject;
			attributes = {
				BuildIndependentTargetsInParallel = 1;
				LastSwiftUpdateCheck = 1430;
				LastUpgradeCheck = 1430;
				TargetAttributes = {
					9D55E2E22AD1C3430068FE82 = {
						CreatedOnToolsVersion = 14.3.1;
					};
				};
			};
			buildConfigurationList = 9D55E2DE2AD1C3430068FE82 /* Build configuration list for PBXProject "Homework4" */;
			compatibilityVersion = "Xcode 14.0";
			developmentRegion = en;
			hasScannedForEncodings = 0;
			knownRegions = (
				en,
				Base,
			);
			mainGroup = 9D55E2DA2AD1C3430068FE82;
			productRefGroup = 9D55E2E42AD1C3430068FE82 /* Products */;
			projectDirPath = "";
			projectRoot = "";
			targets = (
				9D55E2E22AD1C3430068FE82 /* Homework4 */,
			);
		};
/* End PBXProject section */

/* Begin PBXResourcesBuildPhase section */
		9D55E2E12AD1C3430068FE82 /* Resources */ = {
			isa = PBXResourcesBuildPhase;
			buildActionMask = 2147483647;
			files = (
				9D55E3232AD437A10068FE82 /* Assets.xcassets in Resources */,
				9D55E2F32AD1C3440068FE82 /* LaunchScreen.storyboard in Resources */,
			);
			runOnlyForDeploymentPostprocessing = 0;
		};
/* End PBXResourcesBuildPhase section */

/* Begin PBXShellScriptBuildPhase section */
		94527712FD1839F86FED7920 /* [CP] Check Pods Manifest.lock */ = {
			isa = PBXShellScriptBuildPhase;
			buildActionMask = 2147483647;
			files = (
			);
			inputFileListPaths = (
			);
			inputPaths = (
				"${PODS_PODFILE_DIR_PATH}/Podfile.lock",
				"${PODS_ROOT}/Manifest.lock",
			);
			name = "[CP] Check Pods Manifest.lock";
			outputFileListPaths = (
			);
			outputPaths = (
				"$(DERIVED_FILE_DIR)/Pods-Homework4-checkManifestLockResult.txt",
			);
			runOnlyForDeploymentPostprocessing = 0;
			shellPath = /bin/sh;
			shellScript = "diff \"${PODS_PODFILE_DIR_PATH}/Podfile.lock\" \"${PODS_ROOT}/Manifest.lock\" > /dev/null\nif [ $? != 0 ] ; then\n    # print error to STDERR\n    echo \"error: The sandbox is not in sync with the Podfile.lock. Run 'pod install' or update your CocoaPods installation.\" >&2\n    exit 1\nfi\n# This output is used by Xcode 'outputs' to avoid re-running this script phase.\necho \"SUCCESS\" > \"${SCRIPT_OUTPUT_FILE_0}\"\n";
			showEnvVarsInLog = 0;
		};
		BB11BB1B5511963F240AFA6C /* [CP] Embed Pods Frameworks */ = {
			isa = PBXShellScriptBuildPhase;
			buildActionMask = 2147483647;
			files = (
			);
			inputFileListPaths = (
				"${PODS_ROOT}/Target Support Files/Pods-Homework4/Pods-Homework4-frameworks-${CONFIGURATION}-input-files.xcfilelist",
			);
			name = "[CP] Embed Pods Frameworks";
			outputFileListPaths = (
				"${PODS_ROOT}/Target Support Files/Pods-Homework4/Pods-Homework4-frameworks-${CONFIGURATION}-output-files.xcfilelist",
			);
			runOnlyForDeploymentPostprocessing = 0;
			shellPath = /bin/sh;
			shellScript = "\"${PODS_ROOT}/Target Support Files/Pods-Homework4/Pods-Homework4-frameworks.sh\"\n";
			showEnvVarsInLog = 0;
		};
/* End PBXShellScriptBuildPhase section */

/* Begin PBXSourcesBuildPhase section */
		9D55E2DF2AD1C3430068FE82 /* Sources */ = {
			isa = PBXSourcesBuildPhase;
			buildActionMask = 2147483647;
			files = (
				9D55E2FF2AD226430068FE82 /* Contact.swift in Sources */,
				9D55E3252AD456C40068FE82 /* ContactDetailsViewController.swift in Sources */,
				9D55E2FD2AD223D30068FE82 /* ContactCell.swift in Sources */,
				9D55E2EB2AD1C3430068FE82 /* ViewController.swift in Sources */,
				9D55E2FB2AD2235D0068FE82 /* SelfConfiguringCell.swift in Sources */,
				9D55E2E72AD1C3430068FE82 /* AppDelegate.swift in Sources */,
				9D55E2E92AD1C3430068FE82 /* SceneDelegate.swift in Sources */,
			);
			runOnlyForDeploymentPostprocessing = 0;
		};
/* End PBXSourcesBuildPhase section */

/* Begin PBXVariantGroup section */
		9D55E2F12AD1C3440068FE82 /* LaunchScreen.storyboard */ = {
			isa = PBXVariantGroup;
			children = (
				9D55E2F22AD1C3440068FE82 /* Base */,
			);
			name = LaunchScreen.storyboard;
			sourceTree = "<group>";
		};
/* End PBXVariantGroup section */

/* Begin XCBuildConfiguration section */
		9D55E2F52AD1C3440068FE82 /* Debug */ = {
			isa = XCBuildConfiguration;
			buildSettings = {
				ALWAYS_SEARCH_USER_PATHS = NO;
				CLANG_ANALYZER_NONNULL = YES;
				CLANG_ANALYZER_NUMBER_OBJECT_CONVERSION = YES_AGGRESSIVE;
				CLANG_CXX_LANGUAGE_STANDARD = "gnu++20";
				CLANG_ENABLE_MODULES = YES;
				CLANG_ENABLE_OBJC_ARC = YES;
				CLANG_ENABLE_OBJC_WEAK = YES;
				CLANG_WARN_BLOCK_CAPTURE_AUTORELEASING = YES;
				CLANG_WARN_BOOL_CONVERSION = YES;
				CLANG_WARN_COMMA = YES;
				CLANG_WARN_CONSTANT_CONVERSION = YES;
				CLANG_WARN_DEPRECATED_OBJC_IMPLEMENTATIONS = YES;
				CLANG_WARN_DIRECT_OBJC_ISA_USAGE = YES_ERROR;
				CLANG_WARN_DOCUMENTATION_COMMENTS = YES;
				CLANG_WARN_EMPTY_BODY = YES;
				CLANG_WARN_ENUM_CONVERSION = YES;
				CLANG_WARN_INFINITE_RECURSION = YES;
				CLANG_WARN_INT_CONVERSION = YES;
				CLANG_WARN_NON_LITERAL_NULL_CONVERSION = YES;
				CLANG_WARN_OBJC_IMPLICIT_RETAIN_SELF = YES;
				CLANG_WARN_OBJC_LITERAL_CONVERSION = YES;
				CLANG_WARN_OBJC_ROOT_CLASS = YES_ERROR;
				CLANG_WARN_QUOTED_INCLUDE_IN_FRAMEWORK_HEADER = YES;
				CLANG_WARN_RANGE_LOOP_ANALYSIS = YES;
				CLANG_WARN_STRICT_PROTOTYPES = YES;
				CLANG_WARN_SUSPICIOUS_MOVE = YES;
				CLANG_WARN_UNGUARDED_AVAILABILITY = YES_AGGRESSIVE;
				CLANG_WARN_UNREACHABLE_CODE = YES;
				CLANG_WARN__DUPLICATE_METHOD_MATCH = YES;
				COPY_PHASE_STRIP = NO;
				DEBUG_INFORMATION_FORMAT = dwarf;
				ENABLE_STRICT_OBJC_MSGSEND = YES;
				ENABLE_TESTABILITY = YES;
				GCC_C_LANGUAGE_STANDARD = gnu11;
				GCC_DYNAMIC_NO_PIC = NO;
				GCC_NO_COMMON_BLOCKS = YES;
				GCC_OPTIMIZATION_LEVEL = 0;
				GCC_PREPROCESSOR_DEFINITIONS = (
					"DEBUG=1",
					"$(inherited)",
				);
				GCC_WARN_64_TO_32_BIT_CONVERSION = YES;
				GCC_WARN_ABOUT_RETURN_TYPE = YES_ERROR;
				GCC_WARN_UNDECLARED_SELECTOR = YES;
				GCC_WARN_UNINITIALIZED_AUTOS = YES_AGGRESSIVE;
				GCC_WARN_UNUSED_FUNCTION = YES;
				GCC_WARN_UNUSED_VARIABLE = YES;
				IPHONEOS_DEPLOYMENT_TARGET = 16.4;
				MTL_ENABLE_DEBUG_INFO = INCLUDE_SOURCE;
				MTL_FAST_MATH = YES;
				ONLY_ACTIVE_ARCH = YES;
				SDKROOT = iphoneos;
				SWIFT_ACTIVE_COMPILATION_CONDITIONS = DEBUG;
				SWIFT_OPTIMIZATION_LEVEL = "-Onone";
			};
			name = Debug;
		};
		9D55E2F62AD1C3440068FE82 /* Release */ = {
			isa = XCBuildConfiguration;
			buildSettings = {
				ALWAYS_SEARCH_USER_PATHS = NO;
				CLANG_ANALYZER_NONNULL = YES;
				CLANG_ANALYZER_NUMBER_OBJECT_CONVERSION = YES_AGGRESSIVE;
				CLANG_CXX_LANGUAGE_STANDARD = "gnu++20";
				CLANG_ENABLE_MODULES = YES;
				CLANG_ENABLE_OBJC_ARC = YES;
				CLANG_ENABLE_OBJC_WEAK = YES;
				CLANG_WARN_BLOCK_CAPTURE_AUTORELEASING = YES;
				CLANG_WARN_BOOL_CONVERSION = YES;
				CLANG_WARN_COMMA = YES;
				CLANG_WARN_CONSTANT_CONVERSION = YES;
				CLANG_WARN_DEPRECATED_OBJC_IMPLEMENTATIONS = YES;
				CLANG_WARN_DIRECT_OBJC_ISA_USAGE = YES_ERROR;
				CLANG_WARN_DOCUMENTATION_COMMENTS = YES;
				CLANG_WARN_EMPTY_BODY = YES;
				CLANG_WARN_ENUM_CONVERSION = YES;
				CLANG_WARN_INFINITE_RECURSION = YES;
				CLANG_WARN_INT_CONVERSION = YES;
				CLANG_WARN_NON_LITERAL_NULL_CONVERSION = YES;
				CLANG_WARN_OBJC_IMPLICIT_RETAIN_SELF = YES;
				CLANG_WARN_OBJC_LITERAL_CONVERSION = YES;
				CLANG_WARN_OBJC_ROOT_CLASS = YES_ERROR;
				CLANG_WARN_QUOTED_INCLUDE_IN_FRAMEWORK_HEADER = YES;
				CLANG_WARN_RANGE_LOOP_ANALYSIS = YES;
				CLANG_WARN_STRICT_PROTOTYPES = YES;
				CLANG_WARN_SUSPICIOUS_MOVE = YES;
				CLANG_WARN_UNGUARDED_AVAILABILITY = YES_AGGRESSIVE;
				CLANG_WARN_UNREACHABLE_CODE = YES;
				CLANG_WARN__DUPLICATE_METHOD_MATCH = YES;
				COPY_PHASE_STRIP = NO;
				DEBUG_INFORMATION_FORMAT = "dwarf-with-dsym";
				ENABLE_NS_ASSERTIONS = NO;
				ENABLE_STRICT_OBJC_MSGSEND = YES;
				GCC_C_LANGUAGE_STANDARD = gnu11;
				GCC_NO_COMMON_BLOCKS = YES;
				GCC_WARN_64_TO_32_BIT_CONVERSION = YES;
				GCC_WARN_ABOUT_RETURN_TYPE = YES_ERROR;
				GCC_WARN_UNDECLARED_SELECTOR = YES;
				GCC_WARN_UNINITIALIZED_AUTOS = YES_AGGRESSIVE;
				GCC_WARN_UNUSED_FUNCTION = YES;
				GCC_WARN_UNUSED_VARIABLE = YES;
				IPHONEOS_DEPLOYMENT_TARGET = 16.4;
				MTL_ENABLE_DEBUG_INFO = NO;
				MTL_FAST_MATH = YES;
				SDKROOT = iphoneos;
				SWIFT_COMPILATION_MODE = wholemodule;
				SWIFT_OPTIMIZATION_LEVEL = "-O";
				VALIDATE_PRODUCT = YES;
			};
			name = Release;
		};
		9D55E2F82AD1C3440068FE82 /* Debug */ = {
			isa = XCBuildConfiguration;
			baseConfigurationReference = 28B849B738F0F39A16E99078 /* Pods-Homework4.debug.xcconfig */;
			buildSettings = {
				ASSETCATALOG_COMPILER_APPICON_NAME = AppIcon;
				ASSETCATALOG_COMPILER_GLOBAL_ACCENT_COLOR_NAME = AccentColor;
				CODE_SIGN_STYLE = Automatic;
				CURRENT_PROJECT_VERSION = 1;
				GENERATE_INFOPLIST_FILE = YES;
				INFOPLIST_FILE = Homework4/Info.plist;
				INFOPLIST_KEY_UIApplicationSupportsIndirectInputEvents = YES;
				INFOPLIST_KEY_UILaunchStoryboardName = LaunchScreen;
				INFOPLIST_KEY_UISupportedInterfaceOrientations_iPad = "UIInterfaceOrientationPortrait UIInterfaceOrientationPortraitUpsideDown UIInterfaceOrientationLandscapeLeft UIInterfaceOrientationLandscapeRight";
				INFOPLIST_KEY_UISupportedInterfaceOrientations_iPhone = "UIInterfaceOrientationPortrait UIInterfaceOrientationLandscapeLeft UIInterfaceOrientationLandscapeRight";
				LD_RUNPATH_SEARCH_PATHS = (
					"$(inherited)",
					"@executable_path/Frameworks",
				);
				MARKETING_VERSION = 1.0;
				PRODUCT_BUNDLE_IDENTIFIER = arseniyrubtsov.Homework4;
				PRODUCT_NAME = "$(TARGET_NAME)";
				SWIFT_EMIT_LOC_STRINGS = YES;
				SWIFT_VERSION = 5.0;
				TARGETED_DEVICE_FAMILY = "1,2";
			};
			name = Debug;
		};
		9D55E2F92AD1C3440068FE82 /* Release */ = {
			isa = XCBuildConfiguration;
			baseConfigurationReference = 6D13FF0E36C523D77C1857B1 /* Pods-Homework4.release.xcconfig */;
			buildSettings = {
				ASSETCATALOG_COMPILER_APPICON_NAME = AppIcon;
				ASSETCATALOG_COMPILER_GLOBAL_ACCENT_COLOR_NAME = AccentColor;
				CODE_SIGN_STYLE = Automatic;
				CURRENT_PROJECT_VERSION = 1;
				GENERATE_INFOPLIST_FILE = YES;
				INFOPLIST_FILE = Homework4/Info.plist;
				INFOPLIST_KEY_UIApplicationSupportsIndirectInputEvents = YES;
				INFOPLIST_KEY_UILaunchStoryboardName = LaunchScreen;
				INFOPLIST_KEY_UISupportedInterfaceOrientations_iPad = "UIInterfaceOrientationPortrait UIInterfaceOrientationPortraitUpsideDown UIInterfaceOrientationLandscapeLeft UIInterfaceOrientationLandscapeRight";
				INFOPLIST_KEY_UISupportedInterfaceOrientations_iPhone = "UIInterfaceOrientationPortrait UIInterfaceOrientationLandscapeLeft UIInterfaceOrientationLandscapeRight";
				LD_RUNPATH_SEARCH_PATHS = (
					"$(inherited)",
					"@executable_path/Frameworks",
				);
				MARKETING_VERSION = 1.0;
				PRODUCT_BUNDLE_IDENTIFIER = arseniyrubtsov.Homework4;
				PRODUCT_NAME = "$(TARGET_NAME)";
				SWIFT_EMIT_LOC_STRINGS = YES;
				SWIFT_VERSION = 5.0;
				TARGETED_DEVICE_FAMILY = "1,2";
			};
			name = Release;
		};
/* End XCBuildConfiguration section */

/* Begin XCConfigurationList section */
		9D55E2DE2AD1C3430068FE82 /* Build configuration list for PBXProject "Homework4" */ = {
			isa = XCConfigurationList;
			buildConfigurations = (
				9D55E2F52AD1C3440068FE82 /* Debug */,
				9D55E2F62AD1C3440068FE82 /* Release */,
			);
			defaultConfigurationIsVisible = 0;
			defaultConfigurationName = Release;
		};
		9D55E2F72AD1C3440068FE82 /* Build configuration list for PBXNativeTarget "Homework4" */ = {
			isa = XCConfigurationList;
			buildConfigurations = (
				9D55E2F82AD1C3440068FE82 /* Debug */,
				9D55E2F92AD1C3440068FE82 /* Release */,
			);
			defaultConfigurationIsVisible = 0;
			defaultConfigurationName = Release;
		};
/* End XCConfigurationList section */
	};
	rootObject = 9D55E2DB2AD1C3430068FE82 /* Project object */;
}
